connectrpc.com/connect v1.16.2 h1:ybd6y+ls7GOlb7Bh5C8+ghA6SvCBajHwxssO2CGFjqE=
connectrpc.com/connect v1.16.2/go.mod h1:n2kgwskMHXC+lVqb18wngEpF95ldBHXjZYJussz5FRc=
connectrpc.com/vanguard v0.2.0 h1:78xAoVKvaOeHN8PvDetlRpJQ1OImLh2jDnWPNaT9dPo=
connectrpc.com/vanguard v0.2.0/go.mod h1:EoRa8q5sbNQua+wH5cr9NBePLFaUKIWLAjc1A8rSfDA=
connectrpc.com/vanguard v0.3.0 h1:prUKFm8rYDwvpvnOSoqdUowPMK0tRA0pbSrQoMd6Zng=
connectrpc.com/vanguard v0.3.0/go.mod h1:nxQ7+N6qhBiQczqGwdTw4oCqx1rDryIt20cEdECqToM=
github.com/MicahParks/jwkset v0.5.18 h1:WLdyMngF7rCrnstQxA7mpRoxeaWqGzPM/0z40PJUK4w=
github.com/MicahParks/jwkset v0.5.18/go.mod h1:q8ptTGn/Z9c4MwbcfeCDssADeVQb3Pk7PnVxrvi+2QY=
github.com/MicahParks/keyfunc/v3 v3.3.3 h1:c6j9oSu1YUo0k//KwF1miIQlEMtqNlj7XBFLB8jtEmY=
github.com/MicahParks/keyfunc/v3 v3.3.3/go.mod h1:f/UMyXdKfkZzmBeBFUeYk+zu066J1Fcl48f7Wnl5Z48=
github.com/alecthomas/assert/v2 v2.6.0 h1:o3WJwILtexrEUk3cUVal3oiQY2tfgr/FHWiz/v2n4FU=
github.com/alecthomas/assert/v2 v2.6.0/go.mod h1:Bze95FyfUr7x34QZrjL+XP+0qgp/zg8yS+TtBj1WA3k=
github.com/alecthomas/kong v0.9.0 h1:G5diXxc85KvoV2f0ZRVuMsi45IrBgx9zDNGNj165aPA=
github.com/alecthomas/kong v0.9.0/go.mod h1:Y47y5gKfHp1hDc7CH7OeXgLIpp+Q2m1Ni0L5s3bI8Os=
github.com/alecthomas/repr v0.4.0 h1:GhI2A8MACjfegCPVq9f1FLvIBS+DrQ2KQBFZP1iFzXc=
github.com/alecthomas/repr v0.4.0/go.mod h1:Fr0507jx4eOXV7AlPV6AVZLYrLIuIeSOWtW57eE/O/4=
github.com/davecgh/go-spew v1.1.1 h1:vj9j/u1bqnvCEfJOwUhtlOARqs3+rkHYY13jYWTU97c=
github.com/davecgh/go-spew v1.1.1/go.mod h1:J7Y8YcW2NihsgmVo/mv3lAwl/skON4iLHjSsI+c5H38=
github.com/fatih/color v1.17.0 h1:GlRw1BRJxkpqUCBKzKOw098ed57fEsKeNjpTe3cSjK4=
github.com/fatih/color v1.17.0/go.mod h1:YZ7TlrGPkiz6ku9fK3TLD/pl3CpsiFyu8N92HLgmosI=
github.com/golang-jwt/jwt/v5 v5.2.1 h1:OuVbFODueb089Lh128TAcimifWaLhJwVflnrgM17wHk=
github.com/golang-jwt/jwt/v5 v5.2.1/go.mod h1:pqrtFR0X4osieyHYxtmOUWsAWrfe1Q5UVIyoH402zdk=
github.com/golang/protobuf v1.5.3 h1:KhyjKVUg7Usr/dYsdSqoFveMYd5ko72D+zANwlG1mmg=
github.com/golang/protobuf v1.5.3/go.mod h1:XVQd3VNwM+JqD3oG2Ue2ip4fOMUkwXdXDdiuN0vRsmY=
github.com/google/go-cmp v0.5.9 h1:O2Tfq5qg4qc4AmwVlvv0oLiVAGB7enBSJ2x2DqQFi38=
github.com/google/go-cmp v0.5.9/go.mod h1:17dUlkBOakJ0+DkrSSNjCkIjxS6bF9zb3elmeNGIjoY=
github.com/hexops/gotextdiff v1.0.3 h1:gitA9+qJrrTCsiCl7+kh75nPqQt1cx4ZkudSTLoUqJM=
github.com/hexops/gotextdiff v1.0.3/go.mod h1:pSWU5MAI3yDq+fZBTazCSJysOMbxWL1BSow5/V2vxeg=
github.com/jotaen/kong-completion v0.0.6 h1:VP1KGvXPeB7MytYR+zZQoWw1gf/HIV1/EvWC38BHZN4=
github.com/jotaen/kong-completion v0.0.6/go.mod h1:fuWw9snL6joY5mXbI0Dd5FWEZODaWXAeqaRxo6dAvLk=
github.com/lmittmann/tint v1.0.4 h1:LeYihpJ9hyGvE0w+K2okPTGUdVLfng1+nDNVR4vWISc=
github.com/lmittmann/tint v1.0.4/go.mod h1:HIS3gSy7qNwGCj+5oRjAutErFBl4BzdQP6cJZ0NfMwE=
github.com/lmittmann/tint v1.0.5 h1:NQclAutOfYsqs2F1Lenue6OoWCajs5wJcP3DfWVpePw=
github.com/lmittmann/tint v1.0.5/go.mod h1:HIS3gSy7qNwGCj+5oRjAutErFBl4BzdQP6cJZ0NfMwE=
github.com/lmittmann/tint v1.0.6 h1:vkkuDAZXc0EFGNzYjWcV0h7eEX+uujH48f/ifSkJWgc=
github.com/lmittmann/tint v1.0.6/go.mod h1:HIS3gSy7qNwGCj+5oRjAutErFBl4BzdQP6cJZ0NfMwE=
github.com/mattn/go-colorable v0.1.13 h1:fFA4WZxdEF4tXPZVKMLwD8oUnCTTo08duU7wxecdEvA=
github.com/mattn/go-colorable v0.1.13/go.mod h1:7S9/ev0klgBDR4GtXTXX8a3vIGJpMovkB8vQcUbaXHg=
github.com/mattn/go-isatty v0.0.16/go.mod h1:kYGgaQfpe5nmfYZH+SKPsOc2e4SrIfOl2e/yFXSvRLM=
github.com/mattn/go-isatty v0.0.20 h1:xfD0iDuEKnDkl03q4limB+vH+GxLEtL/jb4xVJSWWEY=
github.com/mattn/go-isatty v0.0.20/go.mod h1:W+V8PltTTMOvKvAeJH7IuucS94S2C6jfK/D7dTCTo3Y=
github.com/mattn/go-sqlite3 v1.14.22 h1:2gZY6PC6kBnID23Tichd1K+Z0oS6nE/XwU+Vz/5o4kU=
github.com/mattn/go-sqlite3 v1.14.22/go.mod h1:Uh1q+B4BYcTPb+yiD3kU8Ct7aC0hY9fxUwlHK0RXw+Y=
github.com/mattn/go-sqlite3 v1.14.23 h1:gbShiuAP1W5j9UOksQ06aiiqPMxYecovVGwmTxWtuw0=
github.com/mattn/go-sqlite3 v1.14.23/go.mod h1:Uh1q+B4BYcTPb+yiD3kU8Ct7aC0hY9fxUwlHK0RXw+Y=
github.com/oxisto/assert v0.0.6 h1:Z/wRt0qndURRof+eOGr7GbcJ6BHZT2nyZd9diuZHS8o=
github.com/oxisto/assert v0.0.6/go.mod h1:07ANKfyBm6j+pZk1qArFueno6fCoEGKvPbPeJSQkH3s=
github.com/oxisto/complete v0.0.0-20231209194436-0b605e2b5bff h1:WiQOAXar+naQAYzv3P01lE1dagFrc61ZC/fbg9z5wuc=
github.com/oxisto/complete v0.0.0-20231209194436-0b605e2b5bff/go.mod h1:wEf3y/0bTolv0kZjmKzgbU7L+PvFfm6KoWGeP/f2oCQ=
github.com/oxisto/oauth2go v0.14.0 h1:VjMJCBC3TxnXPEANWWsZudKlGYh06YgBl49fb5JhavM=
github.com/oxisto/oauth2go v0.14.0/go.mod h1:8mUk9Gsrh4xgzrVLsliSGi/X3+ZQkXztfK+dpdAkRZM=
github.com/pmezard/go-difflib v1.0.0 h1:4DBwDE0NGyQoBHbLQYPwSUPoCMWR5BEzIk/f1lZbAQM=
github.com/pmezard/go-difflib v1.0.0/go.mod h1:iKH77koFhYxTK1pcRnkKkqfTogsbg7gZNVY4sRDYZ/4=
github.com/riywo/loginshell v0.0.0-20200815045211-7d26008be1ab h1:ZjX6I48eZSFetPb41dHudEyVr5v953N15TsNZXlkcWY=
github.com/riywo/loginshell v0.0.0-20200815045211-7d26008be1ab/go.mod h1:/PfPXh0EntGc3QAAyUaviy4S9tzy4Zp0e2ilq4voC6E=
github.com/stretchr/testify v1.8.4 h1:CcVxjf3Q8PM0mHUKJCdn+eZZtm5yQwehR5yeSVQQcUk=
github.com/stretchr/testify v1.8.4/go.mod h1:sz/lmYIOXD/1dqDmKjjqLyZ2RngseejIcXlSw2iwfAo=
golang.org/x/crypto v0.26.0 h1:RrRspgV4mU+YwB4FYnuBoKsUapNIL5cohGAmSH3azsw=
golang.org/x/crypto v0.26.0/go.mod h1:GY7jblb9wI+FOo5y8/S2oY4zWP07AkOJ4+jxCqdqn54=
golang.org/x/net v0.28.0 h1:a9JDOJc5GMUJ0+UDqmLT86WiEy7iWyIhz8gz8E4e5hE=
golang.org/x/net v0.28.0/go.mod h1:yqtgsTWOOnlGLG9GFRrK3++bGOUEkNBoHZc8MEDWPNg=
golang.org/x/oauth2 v0.20.0 h1:4mQdhULixXKP1rwYBW0vAijoXnkTG0BLCDRzfe1idMo=
golang.org/x/oauth2 v0.20.0/go.mod h1:XYTD2NtWslqkgxebSiOHnXEap4TF09sJSc7H1sXbhtI=
golang.org/x/sys v0.0.0-20220811171246-fbc7d0a398ab/go.mod h1:oPkhp1MJrh7nUepCBck5+mAzfO9JrbApNNgaTdGDITg=
golang.org/x/sys v0.6.0/go.mod h1:oPkhp1MJrh7nUepCBck5+mAzfO9JrbApNNgaTdGDITg=
golang.org/x/sys v0.23.0 h1:YfKFowiIMvtgl1UERQoTPPToxltDeZfbj4H7dVUCwmM=
golang.org/x/sys v0.23.0/go.mod h1:/VUhepiaJMQUp4+oa/7Zr1D23ma6VTLIYjOOTFZPUcA=
golang.org/x/sys v0.24.0 h1:Twjiwq9dn6R1fQcyiK+wQyHWfaz/BJB+YIpzU/Cv3Xg=
golang.org/x/sys v0.24.0/go.mod h1:/VUhepiaJMQUp4+oa/7Zr1D23ma6VTLIYjOOTFZPUcA=
golang.org/x/text v0.17.0 h1:XtiM5bkSOt+ewxlOE/aE/AKEHibwj/6gvWMl9Rsh0Qc=
golang.org/x/text v0.17.0/go.mod h1:BuEKDfySbSR4drPmRPG/7iBdf8hvFMuRexcpahXilzY=
golang.org/x/time v0.5.0 h1:o7cqy6amK/52YcAKIPlM3a+Fpj35zvRj2TP+e1xFSfk=
golang.org/x/time v0.5.0/go.mod h1:3BpzKBy/shNhVucY/MWOyx10tF3SFh9QdLuxbVysPQM=
google.golang.org/genproto v0.0.0-20230807174057-1744710a1577 h1:Tyk/35yqszRCvaragTn5NnkY6IiKk/XvHzEWepo71N0=
google.golang.org/genproto v0.0.0-20230807174057-1744710a1577/go.mod h1:yZTlhN0tQnXo3h00fuXNCxJdLdIdnVFVBaRJ5LWBbw4=
google.golang.org/genproto/googleapis/api v0.0.0-20230803162519-f966b187b2e5 h1:nIgk/EEq3/YlnmVVXVnm14rC2oxgs1o0ong4sD/rd44=
google.golang.org/genproto/googleapis/api v0.0.0-20230803162519-f966b187b2e5/go.mod h1:5DZzOUPCLYL3mNkQ0ms0F3EuUNZ7py1Bqeq6sxzI7/Q=
google.golang.org/genproto/googleapis/api v0.0.0-20240814211410-ddb44dafa142 h1:wKguEg1hsxI2/L3hUYrpo1RVi48K+uTyzKqprwLXsb8=
google.golang.org/genproto/googleapis/api v0.0.0-20240814211410-ddb44dafa142/go.mod h1:d6be+8HhtEtucleCbxpPW9PA9XwISACu8nvpPqF0BVo=
google.golang.org/genproto/googleapis/api v0.0.0-20240822170219-fc7c04adadcd h1:BBOTEWLuuEGQy9n1y9MhVJ9Qt0BDu21X8qZs71/uPZo=
google.golang.org/genproto/googleapis/api v0.0.0-20240822170219-fc7c04adadcd/go.mod h1:fO8wJzT2zbQbAjbIoos1285VfEIYKDDY+Dt+WpTkh6g=
google.golang.org/genproto/googleapis/api v0.0.0-20240823204242-4ba0660f739c h1:e0zB268kOca6FbuJkYUGxfwG4DKFZG/8DLyv9Zv66cE=
google.golang.org/genproto/googleapis/api v0.0.0-20240823204242-4ba0660f739c/go.mod h1:fO8wJzT2zbQbAjbIoos1285VfEIYKDDY+Dt+WpTkh6g=
google.golang.org/genproto/googleapis/api v0.0.0-20240826202546-f6391c0de4c7 h1:YcyjlL1PRr2Q17/I0dPk2JmYS5CDXfcdb2Z3YRioEbw=
google.golang.org/genproto/googleapis/api v0.0.0-20240826202546-f6391c0de4c7/go.mod h1:OCdP9MfskevB/rbYvHTsXTtKC+3bHWajPdoKgjcYkfo=
google.golang.org/genproto/googleapis/api v0.0.0-20240903143218-8af14fe29dc1 h1:hjSy6tcFQZ171igDaN5QHOw2n6vx40juYbC/x67CEhc=
google.golang.org/genproto/googleapis/api v0.0.0-20240903143218-8af14fe29dc1/go.mod h1:qpvKtACPCQhAdu3PyQgV4l3LMXZEtft7y8QcarRsp9I=
google.golang.org/genproto/googleapis/api v0.0.0-20241118233622-e639e219e697 h1:pgr/4QbFyktUv9CtQ/Fq4gzEE6/Xs7iCXbktaGzLHbQ=
google.golang.org/genproto/googleapis/api v0.0.0-20241118233622-e639e219e697/go.mod h1:+D9ySVjN8nY8YCVjc5O7PZDIdZporIDY3KaGfJunh88=
google.golang.org/genproto/googleapis/rpc v0.0.0-20230807174057-1744710a1577 h1:wukfNtZmZUurLN/atp2hiIeTKn7QJWIQdHzqmsOnAOk=
google.golang.org/genproto/googleapis/rpc v0.0.0-20230807174057-1744710a1577/go.mod h1:+Bk1OCOj40wS2hwAMA+aCW9ypzm63QTBBHp6lQ3p+9M=
google.golang.org/genproto/googleapis/rpc v0.0.0-20240730163845-b1a4ccb954bf h1:liao9UHurZLtiEwBgT9LMOnKYsHze6eA6w1KQCMVN2Q=
google.golang.org/genproto/googleapis/rpc v0.0.0-20240730163845-b1a4ccb954bf/go.mod h1:Ue6ibwXGpU+dqIcODieyLOcgj7z8+IcskoNIgZxtrFY=
google.golang.org/genproto/googleapis/rpc v0.0.0-20240814211410-ddb44dafa142 h1:e7S5W7MGGLaSu8j3YjdezkZ+m1/Nm0uRVRMEMGk26Xs=
google.golang.org/genproto/googleapis/rpc v0.0.0-20240814211410-ddb44dafa142/go.mod h1:UqMtugtsSgubUsoxbuAoiCXvqvErP7Gf0so0mK9tHxU=
google.golang.org/genproto/googleapis/rpc v0.0.0-20240823204242-4ba0660f739c h1:Kqjm4WpoWvwhMPcrAczoTyMySQmYa9Wy2iL6Con4zn8=
google.golang.org/genproto/googleapis/rpc v0.0.0-20240823204242-4ba0660f739c/go.mod h1:UqMtugtsSgubUsoxbuAoiCXvqvErP7Gf0so0mK9tHxU=
google.golang.org/genproto/googleapis/rpc v0.0.0-20240827150818-7e3bb234dfed h1:J6izYgfBXAI3xTKLgxzTmUltdYaLsuBxFCgDHWJ/eXg=
google.golang.org/genproto/googleapis/rpc v0.0.0-20240827150818-7e3bb234dfed/go.mod h1:UqMtugtsSgubUsoxbuAoiCXvqvErP7Gf0so0mK9tHxU=
google.golang.org/genproto/googleapis/rpc v0.0.0-20241113202542-65e8d215514f h1:C1QccEa9kUwvMgEUORqQD9S17QesQijxjZ84sO82mfo=
google.golang.org/genproto/googleapis/rpc v0.0.0-20241113202542-65e8d215514f/go.mod h1:GX3210XPVPUjJbTUbvwI8f2IpZDMZuPJWDzDuebbviI=
google.golang.org/grpc v1.58.3 h1:BjnpXut1btbtgN/6sp+brB2Kbm2LjNXnidYujAVbSoQ=
google.golang.org/grpc v1.58.3/go.mod h1:tgX3ZQDlNJGU96V6yHh1T/JeoBQ2TXdr43YbYSsCJk0=
google.golang.org/protobuf v1.34.2 h1:6xV6lTsCfpGD21XK49h7MhtcApnLqkfYgPcdHftf6hg=
google.golang.org/protobuf v1.34.2/go.mod h1:qYOHts0dSfpeUzUFpOMr/WGzszTmLH+DiWniOlNbLDw=
google.golang.org/protobuf v1.35.2 h1:8Ar7bF+apOIoThw1EdZl0p1oWvMqTHmpA2fRTyZO8io=
google.golang.org/protobuf v1.35.2/go.mod h1:9fA7Ob0pmnwhb644+1+CVWFRbNajQ6iRojtC/QF5bRE=
gopkg.in/yaml.v3 v3.0.1 h1:fxVm/GzAzEWqLHuvctI91KS9hhNmmWOoWu0XTYJS7CA=
gopkg.in/yaml.v3 v3.0.1/go.mod h1:K4uyk7z7BCEPqu6E+C64Yfv1cQ7kz7rIZviUmN+EgEM=
